dmitri.shuralyov.com/gpu/mtl v0.0.0-20190408044501-666a987793e9/go.mod h1:H6x//7gZCb22OMCxBHrMx7a5I7Hp++hsVxbQ4BYO7hU=
gioui.org v0.0.0-20200229151555-bd7c7a108a9e/go.mod h1:AHI9rFr6AEEHCb8EPVtb/p5M+NMJRKH58IOp8O3Je04=
gioui.org v0.0.0-20200320195817-a3101c9454b7 h1:jojtzx9ZM8IXsvXSCRwmEyJXjlGh0/CwShc4lPxWOI8=
gioui.org v0.0.0-20200320195817-a3101c9454b7/go.mod h1:AHI9rFr6AEEHCb8EPVtb/p5M+NMJRKH58IOp8O3Je04=
gioui.org/cmd v0.0.0-20200320195817-a3101c9454b7 h1:9yclVVGpJtA+5Gc3zu4w7XkjrPdLrCmYTljyLEvzB1c=
gioui.org/cmd v0.0.0-20200320195817-a3101c9454b7/go.mod h1:YqdlMy/qWXf1FaRumL7S/BwSZEYtIQq85JE5D2whF9Y=
github.com/BurntSushi/xgb v0.0.0-20160522181843-27f122750802/go.mod h1:IVnqGOEym/WlBOVXweHU+Q+/VP0lqqI8lqeDx9IjBqo=
github.com/chromedp/cdproto v0.0.0-20191114225735-6626966fbae4/go.mod h1:PfAWWKJqjlGFYJEidUM6aVIWPr0EpobeyVWEEmplX7g=
github.com/chromedp/chromedp v0.5.2/go.mod h1:rsTo/xRo23KZZwFmWk2Ui79rBaVRRATCjLzNQlOFSiA=
github.com/clbanning/x2j v0.0.0-20191024224557-825249438eec h1:EdRZT3IeKQmfCSrgo8SZ8V3MEnskuJP0wCYNpe+aiXo=
github.com/clbanning/x2j v0.0.0-20191024224557-825249438eec/go.mod h1:jMjuTZXRI4dUb/I5gc9Hdhagfvm9+RyrPryS/auMzxE=
github.com/davecgh/go-spew v1.1.0/go.mod h1:J7Y8YcW2NihsgmVo/mv3lAwl/skON4iLHjSsI+c5H38=
github.com/davecgh/go-spew v1.1.1 h1:vj9j/u1bqnvCEfJOwUhtlOARqs3+rkHYY13jYWTU97c=
github.com/davecgh/go-spew v1.1.1/go.mod h1:J7Y8YcW2NihsgmVo/mv3lAwl/skON4iLHjSsI+c5H38=
github.com/go-gl/glfw v0.0.0-20190409004039-e6da0acd62b1/go.mod h1:vR7hzQXu2zJy9AVAgeJqvqgH9Q5CA+iKCZ2gyEVpxRU=
github.com/go-gl/glfw/v3.3/glfw v0.0.0-20200222043503-6f7a984d4dc4/go.mod h1:tQ2UAYgL5IevRw8kRxooKSPJfGvJ9fJQFa0TUsXzTg8=
github.com/gobwas/httphead v0.0.0-20180130184737-2c6c146eadee/go.mod h1:L0fX3K22YWvt/FAX9NnzrNzcI4wNYi9Yku4O0LKYflo=
github.com/gobwas/pool v0.2.0/go.mod h1:q8bcK0KcYlCgd9e7WYLm9LpyS+YeLd8JVDW6WezmKEw=
github.com/gobwas/ws v1.0.2/go.mod h1:szmBTxLgaFppYjEmNtny/v3w89xOydFnnZMcgRRu/EM=
github.com/gorilla/mux v1.7.4 h1:VuZ8uybHlWmqV03+zRzdwKL4tUnIp1MAQtp1mIFE1bc=
github.com/gorilla/mux v1.7.4/go.mod h1:DVbg23sWSpFRCP0SfiEN6jmj59UnW/n46BH5rLB71So=
github.com/jcelliott/lumber v0.0.0-20160324203708-dd349441af25 h1:EFT6MH3igZK/dIVqgGbTqWVvkZ7wJ5iGN03SVtvvdd8=
github.com/jcelliott/lumber v0.0.0-20160324203708-dd349441af25/go.mod h1:sWkGw/wsaHtRsT9zGQ/WyJCotGWG/Anow/9hsAcBWRw=
github.com/knq/sysutil v0.0.0-20191005231841-15668db23d08/go.mod h1:dFWs1zEqDjFtnBXsd1vPOZaLsESovai349994nHx3e0=
github.com/mailru/easyjson v0.7.0/go.mod h1:KAzv3t3aY1NaHWoQz1+4F1ccyAH66Jk7yos7ldAVICs=
github.com/nanobox-io/golang-scribble v0.0.0-20190309225732-aa3e7c118975 h1:zm/Rb2OsnLWCY88Njoqgo4X6yt/lx3oBNWhepX0AOMU=
github.com/nanobox-io/golang-scribble v0.0.0-20190309225732-aa3e7c118975/go.mod h1:4Mct/lWCFf1jzQTTAaWtOI7sXqmG+wBeiBfT4CxoaJk=
github.com/p9c/cms v0.0.0-20200311052948-c621afb2fbc8 h1:vS9FB+1PhpzlpxmelDZePcsq/1gxHANrpf2RPxHtJ3w=
github.com/p9c/cms v0.0.0-20200311052948-c621afb2fbc8/go.mod h1:eZ0V0YBixDRf78tGmhhugvHnwb8y02Z84mLcvcGV4Bc=
github.com/p9c/goterm v0.0.3 h1:0pajw+Pz3zL3aEZoPuIwMq36VV+WLI6Q6hRn4ZdMh7A=
github.com/p9c/goterm v0.0.3/go.mod h1:+Y8lgDRodZxWcmBlnxnBZdnBfDESKDjvzi7BJpGc6u8=
github.com/p9c/logi v0.0.17 h1:bzNfZe46zRcSlmi4cYRyI/j+m2iUSYoDWdmcrirTmPU=
github.com/p9c/logi v0.0.17/go.mod h1:P7NMwZA5PAI3mZBSz1e1XW//8QuJpktyqcWWbf5uuco=
github.com/pmezard/go-difflib v1.0.0 h1:4DBwDE0NGyQoBHbLQYPwSUPoCMWR5BEzIk/f1lZbAQM=
github.com/pmezard/go-difflib v1.0.0/go.mod h1:iKH77koFhYxTK1pcRnkKkqfTogsbg7gZNVY4sRDYZ/4=
github.com/stretchr/codecs v0.0.0-20170403063245-04a5b1e1910d h1:gXQ+QS3q874pcayiqszimfHPQ7ySFcekgzBMoTaVawk=
github.com/stretchr/codecs v0.0.0-20170403063245-04a5b1e1910d/go.mod h1:RpfDhdqip2BYhzoE4esKm8axH5VywpvMW9o3wfcamek=
github.com/stretchr/gomniauth v0.0.0-20170717123514-4b6c822be2eb h1:6lYIg/SCrz3gsCsEpRpK0BW3tBGt4VuQKlAleoxCgCc=
github.com/stretchr/gomniauth v0.0.0-20170717123514-4b6c822be2eb/go.mod h1:5wVraTCYvqbNMRjmSIIcrJMASXdoHeXm8j8AON7WobA=
github.com/stretchr/goweb v0.0.0-20140611034857-d7518e7a1cf8 h1:9sSuvyBbZn/05mXmUlZVDiYOic6gXfwCMEpKyAVgneo=
github.com/stretchr/goweb v0.0.0-20140611034857-d7518e7a1cf8/go.mod h1:JL8/cX4w3y4c8menqXxnUCxpU73taTy/7CcROlSEjY0=
github.com/stretchr/objx v0.1.0/go.mod h1:HFkY916IF+rwdDfMAkV7OtwuqBVzrE8GR6GFx+wExME=
github.com/stretchr/objx v0.2.0 h1:Hbg2NidpLE8veEBkEZTL3CvlkUIVzuU9jDplZO54c48=
github.com/stretchr/objx v0.2.0/go.mod h1:qt09Ya8vawLte6SNmTgCsAVtYtaKzEcn8ATUoHMkEqE=
github.com/stretchr/signature v0.0.0-20160104132143-168b2a1e1b56 h1:BTR9AeovoABP8KnaBkzNtp7y/+x1n5GbOHwp3QisE1k=
github.com/stretchr/signature v0.0.0-20160104132143-168b2a1e1b56/go.mod h1:p8v7xBdwApv7pgPN+8jQ3LpBQJDAusrtE+YBWBbab9Q=
github.com/stretchr/stew v0.0.0-20130812190256-80ef0842b48b h1:DmfFjW6pLdaJNVHfKgCxTdKFI6tM+0YbMd0kx7kE78s=
github.com/stretchr/stew v0.0.0-20130812190256-80ef0842b48b/go.mod h1:yS/5aMz+lfJhykLjlAGbnhUhZIvVapOvtmk0MtzHktE=
github.com/stretchr/testify v1.3.0/go.mod h1:M5WIy9Dh21IEIfnGCwXGc5bZfKNJtfHm1UVUgZn+9EI=
github.com/stretchr/testify v1.5.1 h1:nOGnQDM7FYENwehXlg/kFVnos3rEvtKTjRvOWSzb6H4=
github.com/stretchr/testify v1.5.1/go.mod h1:5W2xD1RspED5o8YsWQXVCued0rvSQ+mT+I5cxcmMvtA=
github.com/stretchr/tracer v0.0.0-20140124184152-66d3696bba97 h1:ZXZ3Ko4supnaInt/pSZnq3QL65Qx/KSZTUPMJH5RlIk=
github.com/stretchr/tracer v0.0.0-20140124184152-66d3696bba97/go.mod h1:H0mYc1JTiYc9K0keLMYcR2ybyeom20X4cOYrKya1M1Y=
github.com/ugorji/go v1.1.7 h1:/68gy2h+1mWMrwZFeD1kQialdSzAb432dtpeJ42ovdo=
github.com/ugorji/go v1.1.7/go.mod h1:kZn38zHttfInRq0xu/PH0az30d+z6vm202qpg1oXVMw=
github.com/ugorji/go/codec v1.1.7 h1:2SvQaVZ1ouYrrKKwoSk2pzd4A9evlKJb9oTL+OaLUSs=
github.com/ugorji/go/codec v1.1.7/go.mod h1:Ax+UKWsSmolVDwsd+7N3ZtXu+yMGCf907BLYF3GoBXY=
golang.org/x/crypto v0.0.0-20190308221718-c2843e01d9a2/go.mod h1:djNgcEr1/C05ACkg1iLfiJU5Ep61QUkGW8qpdssI0+w=
golang.org/x/crypto v0.0.0-20190510104115-cbcb75029529/go.mod h1:yigFU9vqHzYiE8UmvKecakEJjdnWj3jj499lnFckfCI=
golang.org/x/crypto v0.0.0-20191011191535-87dc89f01550/go.mod h1:yigFU9vqHzYiE8UmvKecakEJjdnWj3jj499lnFckfCI=
golang.org/x/exp v0.0.0-20190306152737-a1d7652674e8/go.mod h1:CJ0aWSM057203Lf6IL+f9T1iT9GByDxfZKAQTCR3kQA=
golang.org/x/exp v0.0.0-20191002040644-a1355ae1e2c3/go.mod h1:NOZ3BPKG0ec/BKJQgnvsSFpcKLM5xXVWnvZS97DWHgE=
golang.org/x/exp v0.0.0-20200320212757-167ffe94c325 h1:iPGJw87eUJvke9YLYKX0jIwLHiIrY/kXcFSgOpjav28=
golang.org/x/exp v0.0.0-20200320212757-167ffe94c325/go.mod h1:4M0jN8W1tt0AVLNr8HDosyJCDCDuyL9N9+3m7wDWgKw=
golang.org/x/image v0.0.0-20190227222117-0694c2d4d067/go.mod h1:kZ7UVZpmo3dzQBMxlp+ypCbDeSB+sBbTgSJuh5dn5js=
golang.org/x/image v0.0.0-20190802002840-cff245a6509b/go.mod h1:FeLwcggjj3mMvU+oOTbSwawSJRM1uh48EjtB4UJZlP0=
golang.org/x/image v0.0.0-20200119044424-58c23975cae1 h1:5h3ngYt7+vXCDZCup/HkCQgW5XwmSvR/nA2JmJ0RErg=
golang.org/x/image v0.0.0-20200119044424-58c23975cae1/go.mod h1:FeLwcggjj3mMvU+oOTbSwawSJRM1uh48EjtB4UJZlP0=
golang.org/x/mobile v0.0.0-20190719004257-d2bd2a29d028/go.mod h1:E/iHnbuqvinMTCcRqshq8CkpyQDoeVncDDYHnLhea+o=
golang.org/x/mod v0.1.0/go.mod h1:0QHyrYULN0/3qlju5TqG8bIK38QM8yzMo5ekMj3DlcY=
golang.org/x/mod v0.1.1-0.20191105210325-c90efee705ee/go.mod h1:QqPTAvyqsEbceGzBzNggFXnrqF1CaUcvgkdR5Ot7KZg=
golang.org/x/mod v0.1.1-0.20191107180719-034126e5016b/go.mod h1:QqPTAvyqsEbceGzBzNggFXnrqF1CaUcvgkdR5Ot7KZg=
golang.org/x/net v0.0.0-20190404232315-eb5bcb51f2a3/go.mod h1:t9HGtf8HONx5eT2rtn7q6eTqICYqUVnKs3thJo3Qplg=
golang.org/x/net v0.0.0-20190620200207-3b0461eec859/go.mod h1:z5CRVTTTmAJ677TzLLGU+0bjPO0LkuOLi4/5GtJWs/s=
golang.org/x/sync v0.0.0-20190423024810-112230192c58 h1:8gQV6CLnAEikrhgkHFbMAEhagSSnXWGV915qUMm9mrU=
golang.org/x/sync v0.0.0-20190423024810-112230192c58/go.mod h1:RxMgew5VJxzue5/jJTE5uejpjVlOe/izrB70Jof72aM=
golang.org/x/sys v0.0.0-20190215142949-d0b11bdaac8a/go.mod h1:STP8DvDyc/dI5b8T5hshtkjS+E42TnysNCUPdjciGhY=
golang.org/x/sys v0.0.0-20190312061237-fead79001313/go.mod h1:h1NjWce9XRLGQEsW7wpKNCjG9DtNlClVuFLEZdDNbEs=
golang.org/x/sys v0.0.0-20190412213103-97732733099d/go.mod h1:h1NjWce9XRLGQEsW7wpKNCjG9DtNlClVuFLEZdDNbEs=
golang.org/x/sys v0.0.0-20191001151750-bb3f8db39f24/go.mod h1:h1NjWce9XRLGQEsW7wpKNCjG9DtNlClVuFLEZdDNbEs=
golang.org/x/sys v0.0.0-20191113165036-4c7a9d0fe056/go.mod h1:h1NjWce9XRLGQEsW7wpKNCjG9DtNlClVuFLEZdDNbEs=
golang.org/x/sys v0.0.0-20200124204421-9fbb57f87de9/go.mod h1:h1NjWce9XRLGQEsW7wpKNCjG9DtNlClVuFLEZdDNbEs=
golang.org/x/sys v0.0.0-20200302150141-5c8b2ff67527 h1:uYVVQ9WP/Ds2ROhcaGPeIdVq0RIXVLwsHlnvJ+cT1So=
golang.org/x/sys v0.0.0-20200302150141-5c8b2ff67527/go.mod h1:h1NjWce9XRLGQEsW7wpKNCjG9DtNlClVuFLEZdDNbEs=
golang.org/x/text v0.3.0/go.mod h1:NqM8EUOU14njkJ3fqMW+pc6Ldnwhi/IjpwHt7yyuwOQ=
golang.org/x/text v0.3.2 h1:tW2bmiBqwgJj/UpqtC8EpXEZVYOwU0yG4iWbprSVAcs=
golang.org/x/text v0.3.2/go.mod h1:bEr9sfX3Q8Zfm5fL9x+3itogRgK3+ptLWKqgva+5dAk=
golang.org/x/tools v0.0.0-20180917221912-90fa682c2a6e/go.mod h1:n7NCudcB/nEzxVGmLbDWY5pfWTLqBcC2KZ6jyYvM4mQ=
golang.org/x/tools v0.0.0-20190927191325-030b2cf1153e/go.mod h1:b+2E5dAYhXwXZwtnZ6UAqBI28+e2cm9otk0dWdXHAEo=
golang.org/x/tools v0.0.0-20200207183749-b753a1ba74fa h1:5E4dL8+NgFOgjwbTKz+OOEGGhP+ectTmF842l6KjupQ=
golang.org/x/tools v0.0.0-20200207183749-b753a1ba74fa/go.mod h1:TB2adYChydJhpapKDTa4BR/hXlZSLoq2Wpct/0txZ28=
golang.org/x/xerrors v0.0.0-20190717185122-a985d3407aa7/go.mod h1:I/5z698sn9Ka8TeJc9MKroUUfqBBauWjQqLJ2OPfmY0=
golang.org/x/xerrors v0.0.0-20191011141410-1b5146add898/go.mod h1:I/5z698sn9Ka8TeJc9MKroUUfqBBauWjQqLJ2OPfmY0=
gopkg.in/check.v1 v0.0.0-20161208181325-20d25e280405 h1:yhCVgyC4o1eVCa2tZl7eS0r+SDo693bJlVdllGtEeKM=
gopkg.in/check.v1 v0.0.0-20161208181325-20d25e280405/go.mod h1:Co6ibVJAznAaIkqp8huTwlJQCZ016jof/cbN4VW5Yz0=
gopkg.in/mgo.v2 v2.0.0-20190816093944-a6b53ec6cb22 h1:VpOs+IwYnYBaFnrNAeB8UUWtL3vEUnzSCL1nVjPhqrw=
gopkg.in/mgo.v2 v2.0.0-20190816093944-a6b53ec6cb22/go.mod h1:yeKp02qBN3iKW1OzL3MGk2IdtZzaj7SFntXj72NppTA=
gopkg.in/yaml.v2 v2.2.2 h1:ZCJp+EgiOT7lHqUV2J862kp8Qj64Jo6az82+3Td9dZw=
gopkg.in/yaml.v2 v2.2.2/go.mod h1:hI93XBmqTisBFMUTm0b8Fm+jr3Dg1NNxqwp+5A1VGuI=
